
Microsoft Visual Studio Solution File, Format Version 12.00
# Visual Studio 2013
VisualStudioVersion = 12.0.31101.0
MinimumVisualStudioVersion = 10.0.40219.1
Project("{FAE04EC0-301F-11D3-BF4B-00C04F79EFBC}") = "Xioc", "Xioc\Xioc.csproj", "{6F4BD159-9A97-45D1-B996-D8C3827E4C3B}"
EndProject
Project("{FAE04EC0-301F-11D3-BF4B-00C04F79EFBC}") = "Xioc.WebApi2", "Xioc.WebApi2\Xioc.WebApi2.csproj", "{B777EFBC-C55B-44F9-99AD-8CA5A878AAF7}"
EndProject
Project("{FAE04EC0-301F-11D3-BF4B-00C04F79EFBC}") = "Xioc.Test", "Xioc.Test\Xioc.Test.csproj", "{69D30C91-4E9E-41E9-887A-103A415B4779}"
EndProject
Project("{2150E333-8FDC-42A3-9474-1A3956D46DE8}") = "UnitTests", "UnitTests", "{84BC5211-1A69-469B-96CD-45918D8A297E}"
EndProject
Project("{FAE04EC0-301F-11D3-BF4B-00C04F79EFBC}") = "Xioc.Mvc5", "Xioc.Mvc5\Xioc.Mvc5.csproj", "{98F59633-8961-46BF-8BD3-545FEF352C5D}"
EndProject
Project("{FAE04EC0-301F-11D3-BF4B-00C04F79EFBC}") = "Xioc.Test.Shared", "Xioc.Test.Shared\Xioc.Test.Shared.csproj", "{AC84D728-69E0-4CF9-BA11-F8E7996ADC64}"
EndProject
Project("{FAE04EC0-301F-11D3-BF4B-00C04F79EFBC}") = "Xioc.Test.Plugin", "Xioc.Test.Plugin\Xioc.Test.Plugin.csproj", "{02567B8E-4CE7-43A8-9435-87B16B42D048}"
EndProject
Project("{2150E333-8FDC-42A3-9474-1A3956D46DE8}") = "Solution Items", "Solution Items", "{B1D36E7A-3332-46C5-A0BA-6104A2285991}"
	ProjectSection(SolutionItems) = preProject
		CommonAssemblyInfo.cs = CommonAssemblyInfo.cs
	EndProjectSection
EndProject
Project("{2150E333-8FDC-42A3-9474-1A3956D46DE8}") = "NuGet", "NuGet", "{231ED2EE-55F7-4AE2-A549-B8195C3D7689}"
	ProjectSection(SolutionItems) = preProject
		NuGet\nuget.build.ps1 = NuGet\nuget.build.ps1
		NuGet\Xioc.Mvc5.nuspec = NuGet\Xioc.Mvc5.nuspec
		NuGet\Xioc.nuspec = NuGet\Xioc.nuspec
		NuGet\Xioc.WebApi2.nuspec = NuGet\Xioc.WebApi2.nuspec
	EndProjectSection
EndProject
Global
	GlobalSection(SolutionConfigurationPlatforms) = preSolution
		Debug|Any CPU = Debug|Any CPU
		Release|Any CPU = Release|Any CPU
	EndGlobalSection
	GlobalSection(ProjectConfigurationPlatforms) = postSolution
		{6F4BD159-9A97-45D1-B996-D8C3827E4C3B}.Debug|Any CPU.ActiveCfg = Debug|Any CPU
		{6F4BD159-9A97-45D1-B996-D8C3827E4C3B}.Debug|Any CPU.Build.0 = Debug|Any CPU
		{6F4BD159-9A97-45D1-B996-D8C3827E4C3B}.Release|Any CPU.ActiveCfg = Release|Any CPU
		{6F4BD159-9A97-45D1-B996-D8C3827E4C3B}.Release|Any CPU.Build.0 = Release|Any CPU
		{B777EFBC-C55B-44F9-99AD-8CA5A878AAF7}.Debug|Any CPU.ActiveCfg = Debug|Any CPU
		{B777EFBC-C55B-44F9-99AD-8CA5A878AAF7}.Debug|Any CPU.Build.0 = Debug|Any CPU
		{B777EFBC-C55B-44F9-99AD-8CA5A878AAF7}.Release|Any CPU.ActiveCfg = Release|Any CPU
		{B777EFBC-C55B-44F9-99AD-8CA5A878AAF7}.Release|Any CPU.Build.0 = Release|Any CPU
		{69D30C91-4E9E-41E9-887A-103A415B4779}.Debug|Any CPU.ActiveCfg = Debug|Any CPU
		{69D30C91-4E9E-41E9-887A-103A415B4779}.Debug|Any CPU.Build.0 = Debug|Any CPU
		{69D30C91-4E9E-41E9-887A-103A415B4779}.Release|Any CPU.ActiveCfg = Release|Any CPU
		{69D30C91-4E9E-41E9-887A-103A415B4779}.Release|Any CPU.Build.0 = Release|Any CPU
		{98F59633-8961-46BF-8BD3-545FEF352C5D}.Debug|Any CPU.ActiveCfg = Debug|Any CPU
		{98F59633-8961-46BF-8BD3-545FEF352C5D}.Debug|Any CPU.Build.0 = Debug|Any CPU
		{98F59633-8961-46BF-8BD3-545FEF352C5D}.Release|Any CPU.ActiveCfg = Release|Any CPU
		{98F59633-8961-46BF-8BD3-545FEF352C5D}.Release|Any CPU.Build.0 = Release|Any CPU
		{AC84D728-69E0-4CF9-BA11-F8E7996ADC64}.Debug|Any CPU.ActiveCfg = Debug|Any CPU
		{AC84D728-69E0-4CF9-BA11-F8E7996ADC64}.Debug|Any CPU.Build.0 = Debug|Any CPU
		{AC84D728-69E0-4CF9-BA11-F8E7996ADC64}.Release|Any CPU.ActiveCfg = Release|Any CPU
		{AC84D728-69E0-4CF9-BA11-F8E7996ADC64}.Release|Any CPU.Build.0 = Release|Any CPU
		{02567B8E-4CE7-43A8-9435-87B16B42D048}.Debug|Any CPU.ActiveCfg = Debug|Any CPU
		{02567B8E-4CE7-43A8-9435-87B16B42D048}.Debug|Any CPU.Build.0 = Debug|Any CPU
		{02567B8E-4CE7-43A8-9435-87B16B42D048}.Release|Any CPU.ActiveCfg = Release|Any CPU
		{02567B8E-4CE7-43A8-9435-87B16B42D048}.Release|Any CPU.Build.0 = Release|Any CPU
	EndGlobalSection
	GlobalSection(SolutionProperties) = preSolution
		HideSolutionNode = FALSE
	EndGlobalSection
	GlobalSection(NestedProjects) = preSolution
		{69D30C91-4E9E-41E9-887A-103A415B4779} = {84BC5211-1A69-469B-96CD-45918D8A297E}
		{AC84D728-69E0-4CF9-BA11-F8E7996ADC64} = {84BC5211-1A69-469B-96CD-45918D8A297E}
		{02567B8E-4CE7-43A8-9435-87B16B42D048} = {84BC5211-1A69-469B-96CD-45918D8A297E}
	EndGlobalSection
EndGlobal
